
Microsoft Visual Studio Solution File, Format Version 12.00
# Visual Studio Version 17
VisualStudioVersion = 17.14.36915.13
MinimumVisualStudioVersion = 10.0.40219.1
Project("{FAE04EC0-301F-11D3-BF4B-00C04F79EFBC}") = "Code_Generatore", "Code_Generatore.csproj", "{5A97F92E-5033-4ECB-8516-28DD74CCB214}"
EndProject
Project("{FAE04EC0-301F-11D3-BF4B-00C04F79EFBC}") = "Code_Generatore.BusinessLayer", "..\Code_Generatore.BusinessLayer\Code_Generatore.BusinessLayer.csproj", "{181DDECA-51B7-4D8D-848E-474168A8994B}"
EndProject
Project("{FAE04EC0-301F-11D3-BF4B-00C04F79EFBC}") = "Code_Generatore.AccessDataLayer", "..\Code_Generatore.AccessDataLayer\Code_Generatore.AccessDataLayer.csproj", "{E0013D38-07F0-4171-B98A-74C0466CE5B9}"
EndProject
Project("{FAE04EC0-301F-11D3-BF4B-00C04F79EFBC}") = "CodeGeneratore.Tests", "..\CodeGeneratore.Tests\CodeGeneratore.Tests.csproj", "{CF1EBA51-8018-B6BF-E497-63BD3B14B0EA}"
EndProject
Global
	GlobalSection(SolutionConfigurationPlatforms) = preSolution
		Debug|Any CPU = Debug|Any CPU
		Release|Any CPU = Release|Any CPU
	EndGlobalSection
	GlobalSection(ProjectConfigurationPlatforms) = postSolution
		{5A97F92E-5033-4ECB-8516-28DD74CCB214}.Debug|Any CPU.ActiveCfg = Debug|Any CPU
		{5A97F92E-5033-4ECB-8516-28DD74CCB214}.Debug|Any CPU.Build.0 = Debug|Any CPU
		{5A97F92E-5033-4ECB-8516-28DD74CCB214}.Release|Any CPU.ActiveCfg = Release|Any CPU
		{5A97F92E-5033-4ECB-8516-28DD74CCB214}.Release|Any CPU.Build.0 = Release|Any CPU
		{181DDECA-51B7-4D8D-848E-474168A8994B}.Debug|Any CPU.ActiveCfg = Debug|Any CPU
		{181DDECA-51B7-4D8D-848E-474168A8994B}.Debug|Any CPU.Build.0 = Debug|Any CPU
		{181DDECA-51B7-4D8D-848E-474168A8994B}.Release|Any CPU.ActiveCfg = Release|Any CPU
		{181DDECA-51B7-4D8D-848E-474168A8994B}.Release|Any CPU.Build.0 = Release|Any CPU
		{E0013D38-07F0-4171-B98A-74C0466CE5B9}.Debug|Any CPU.ActiveCfg = Debug|Any CPU
		{E0013D38-07F0-4171-B98A-74C0466CE5B9}.Debug|Any CPU.Build.0 = Debug|Any CPU
		{E0013D38-07F0-4171-B98A-74C0466CE5B9}.Release|Any CPU.ActiveCfg = Release|Any CPU
		{E0013D38-07F0-4171-B98A-74C0466CE5B9}.Release|Any CPU.Build.0 = Release|Any CPU
		{CF1EBA51-8018-B6BF-E497-63BD3B14B0EA}.Debug|Any CPU.ActiveCfg = Debug|Any CPU
		{CF1EBA51-8018-B6BF-E497-63BD3B14B0EA}.Debug|Any CPU.Build.0 = Debug|Any CPU
		{CF1EBA51-8018-B6BF-E497-63BD3B14B0EA}.Release|Any CPU.ActiveCfg = Release|Any CPU
		{CF1EBA51-8018-B6BF-E497-63BD3B14B0EA}.Release|Any CPU.Build.0 = Release|Any CPU
	EndGlobalSection
	GlobalSection(SolutionProperties) = preSolution
		HideSolutionNode = FALSE
	EndGlobalSection
	GlobalSection(ExtensibilityGlobals) = postSolution
		SolutionGuid = {E3471B66-A7AB-44B7-8345-BAF2CA7D9124}
	EndGlobalSection
EndGlobal
